
Microsoft Visual Studio Solution File, Format Version 12.00
# Visual Studio Version 17
VisualStudioVersion = 17.12.35527.113 d17.12
MinimumVisualStudioVersion = 10.0.40219.1
Project("{FAE04EC0-301F-11D3-BF4B-00C04F79EFBC}") = "Store.G01.Api", "Store.G01.Api\Store.G01.Api.csproj", "{5F3B8DA5-6A79-4B32-B926-B504B4BBEE44}"
EndProject
Project("{2150E333-8FDC-42A3-9474-1A3956D46DE8}") = "Core", "Core", "{45BA82F7-34EF-45C4-B5C2-BEAE74509405}"
EndProject
Project("{FAE04EC0-301F-11D3-BF4B-00C04F79EFBC}") = "Domain", "Core\Domain\Domain.csproj", "{7598DE86-E377-4226-93AA-153F5E25B9C9}"
EndProject
Project("{FAE04EC0-301F-11D3-BF4B-00C04F79EFBC}") = "Services", "Core\Services\Services.csproj", "{AF2DCB46-2948-4E3E-9724-DA947056E920}"
EndProject
Project("{FAE04EC0-301F-11D3-BF4B-00C04F79EFBC}") = "Services.Abstractions", "Core\Services.Abstractions\Services.Abstractions.csproj", "{02C34678-5500-4FBA-B671-0E6093C48F38}"
EndProject
Project("{2150E333-8FDC-42A3-9474-1A3956D46DE8}") = "Infrastructure", "Infrastructure", "{8DB36F1B-99CE-4A1F-94F7-311BD6FB9C0D}"
EndProject
Project("{FAE04EC0-301F-11D3-BF4B-00C04F79EFBC}") = "Persistence", "Infrastructure\Persistence\Persistence.csproj", "{C65AA120-676A-4B11-B7D1-CD23CE522997}"
EndProject
Project("{FAE04EC0-301F-11D3-BF4B-00C04F79EFBC}") = "Presentation", "Infrastructure\Presentation\Presentation.csproj", "{05E237AF-B6F9-4A90-BB08-18C35963C1AA}"
EndProject
Project("{FAE04EC0-301F-11D3-BF4B-00C04F79EFBC}") = "Shared", "Shared\Shared.csproj", "{C183B70C-8ABF-4217-9382-3EDB36CB818C}"
EndProject
Global
	GlobalSection(SolutionConfigurationPlatforms) = preSolution
		Debug|Any CPU = Debug|Any CPU
		Release|Any CPU = Release|Any CPU
	EndGlobalSection
	GlobalSection(ProjectConfigurationPlatforms) = postSolution
		{5F3B8DA5-6A79-4B32-B926-B504B4BBEE44}.Debug|Any CPU.ActiveCfg = Debug|Any CPU
		{5F3B8DA5-6A79-4B32-B926-B504B4BBEE44}.Debug|Any CPU.Build.0 = Debug|Any CPU
		{5F3B8DA5-6A79-4B32-B926-B504B4BBEE44}.Release|Any CPU.ActiveCfg = Release|Any CPU
		{5F3B8DA5-6A79-4B32-B926-B504B4BBEE44}.Release|Any CPU.Build.0 = Release|Any CPU
		{7598DE86-E377-4226-93AA-153F5E25B9C9}.Debug|Any CPU.ActiveCfg = Debug|Any CPU
		{7598DE86-E377-4226-93AA-153F5E25B9C9}.Debug|Any CPU.Build.0 = Debug|Any CPU
		{7598DE86-E377-4226-93AA-153F5E25B9C9}.Release|Any CPU.ActiveCfg = Release|Any CPU
		{7598DE86-E377-4226-93AA-153F5E25B9C9}.Release|Any CPU.Build.0 = Release|Any CPU
		{AF2DCB46-2948-4E3E-9724-DA947056E920}.Debug|Any CPU.ActiveCfg = Debug|Any CPU
		{AF2DCB46-2948-4E3E-9724-DA947056E920}.Debug|Any CPU.Build.0 = Debug|Any CPU
		{AF2DCB46-2948-4E3E-9724-DA947056E920}.Release|Any CPU.ActiveCfg = Release|Any CPU
		{AF2DCB46-2948-4E3E-9724-DA947056E920}.Release|Any CPU.Build.0 = Release|Any CPU
		{02C34678-5500-4FBA-B671-0E6093C48F38}.Debug|Any CPU.ActiveCfg = Debug|Any CPU
		{02C34678-5500-4FBA-B671-0E6093C48F38}.Debug|Any CPU.Build.0 = Debug|Any CPU
		{02C34678-5500-4FBA-B671-0E6093C48F38}.Release|Any CPU.ActiveCfg = Release|Any CPU
		{02C34678-5500-4FBA-B671-0E6093C48F38}.Release|Any CPU.Build.0 = Release|Any CPU
		{C65AA120-676A-4B11-B7D1-CD23CE522997}.Debug|Any CPU.ActiveCfg = Debug|Any CPU
		{C65AA120-676A-4B11-B7D1-CD23CE522997}.Debug|Any CPU.Build.0 = Debug|Any CPU
		{C65AA120-676A-4B11-B7D1-CD23CE522997}.Release|Any CPU.ActiveCfg = Release|Any CPU
		{C65AA120-676A-4B11-B7D1-CD23CE522997}.Release|Any CPU.Build.0 = Release|Any CPU
		{05E237AF-B6F9-4A90-BB08-18C35963C1AA}.Debug|Any CPU.ActiveCfg = Debug|Any CPU
		{05E237AF-B6F9-4A90-BB08-18C35963C1AA}.Debug|Any CPU.Build.0 = Debug|Any CPU
		{05E237AF-B6F9-4A90-BB08-18C35963C1AA}.Release|Any CPU.ActiveCfg = Release|Any CPU
		{05E237AF-B6F9-4A90-BB08-18C35963C1AA}.Release|Any CPU.Build.0 = Release|Any CPU
		{C183B70C-8ABF-4217-9382-3EDB36CB818C}.Debug|Any CPU.ActiveCfg = Debug|Any CPU
		{C183B70C-8ABF-4217-9382-3EDB36CB818C}.Debug|Any CPU.Build.0 = Debug|Any CPU
		{C183B70C-8ABF-4217-9382-3EDB36CB818C}.Release|Any CPU.ActiveCfg = Release|Any CPU
		{C183B70C-8ABF-4217-9382-3EDB36CB818C}.Release|Any CPU.Build.0 = Release|Any CPU
	EndGlobalSection
	GlobalSection(SolutionProperties) = preSolution
		HideSolutionNode = FALSE
	EndGlobalSection
	GlobalSection(NestedProjects) = preSolution
		{7598DE86-E377-4226-93AA-153F5E25B9C9} = {45BA82F7-34EF-45C4-B5C2-BEAE74509405}
		{AF2DCB46-2948-4E3E-9724-DA947056E920} = {45BA82F7-34EF-45C4-B5C2-BEAE74509405}
		{02C34678-5500-4FBA-B671-0E6093C48F38} = {45BA82F7-34EF-45C4-B5C2-BEAE74509405}
		{C65AA120-676A-4B11-B7D1-CD23CE522997} = {8DB36F1B-99CE-4A1F-94F7-311BD6FB9C0D}
		{05E237AF-B6F9-4A90-BB08-18C35963C1AA} = {8DB36F1B-99CE-4A1F-94F7-311BD6FB9C0D}
	EndGlobalSection
EndGlobal
